
Microsoft Visual Studio Solution File, Format Version 12.00
# Visual Studio Version 17
VisualStudioVersion = 17.1.32210.238
MinimumVisualStudioVersion = 10.0.40219.1
Project("{FAE04EC0-301F-11D3-BF4B-00C04F79EFBC}") = "TendableFramework", ".\TendableFramework.csproj", "{D625D367-A48B-435C-833C-13ED7C88B80B}"
EndProject
Global
	GlobalSection(SolutionConfigurationPlatforms) = preSolution
		Debug|Any CPU = Debug|Any CPU
		Release|Any CPU = Release|Any CPU
	EndGlobalSection
	GlobalSection(ProjectConfigurationPlatforms) = postSolution
		{D625D367-A48B-435C-833C-13ED7C88B80B}.Debug|Any CPU.ActiveCfg = Debug|Any CPU
		{D625D367-A48B-435C-833C-13ED7C88B80B}.Debug|Any CPU.Build.0 = Debug|Any CPU
		{D625D367-A48B-435C-833C-13ED7C88B80B}.Release|Any CPU.ActiveCfg = Release|Any CPU
		{D625D367-A48B-435C-833C-13ED7C88B80B}.Release|Any CPU.Build.0 = Release|Any CPU
	EndGlobalSection
	GlobalSection(SolutionProperties) = preSolution
		HideSolutionNode = FALSE
	EndGlobalSection
	GlobalSection(ExtensibilityGlobals) = postSolution
		SolutionGuid = {66B17FF8-8DC8-40A6-948B-D6591F0C8CB6}
	EndGlobalSection
EndGlobal
